// !$*UTF8*$!
{
	archiveVersion = 1;
	classes = {
	};
	objectVersion = 46;
	objects = {

/* Begin PBXBuildFile section */
		4110A5751F3C59A800EBA5F1 /* main.m in Sources */ = {isa = PBXBuildFile; fileRef = 4110A5741F3C59A800EBA5F1 /* main.m */; };
		4110A5781F3C59A800EBA5F1 /* AppDelegate.m in Sources */ = {isa = PBXBuildFile; fileRef = 4110A5771F3C59A800EBA5F1 /* AppDelegate.m */; };
		4110A57B1F3C59A800EBA5F1 /* ViewController.m in Sources */ = {isa = PBXBuildFile; fileRef = 4110A57A1F3C59A800EBA5F1 /* ViewController.m */; };
		4110A57E1F3C59A800EBA5F1 /* Main.storyboard in Resources */ = {isa = PBXBuildFile; fileRef = 4110A57C1F3C59A800EBA5F1 /* Main.storyboard */; };
		4110A5801F3C59A800EBA5F1 /* Assets.xcassets in Resources */ = {isa = PBXBuildFile; fileRef = 4110A57F1F3C59A800EBA5F1 /* Assets.xcassets */; };
		4110A5831F3C59A800EBA5F1 /* LaunchScreen.storyboard in Resources */ = {isa = PBXBuildFile; fileRef = 4110A5811F3C59A800EBA5F1 /* LaunchScreen.storyboard */; };
		E115D92FB96E4E02199557E5 /* libPods-Examples.a in Frameworks */ = {isa = PBXBuildFile; fileRef = 65989698C4A748C5179C8965 /* libPods-Examples.a */; };
/* End PBXBuildFile section */

/* Begin PBXFileReference section */
		058A8D13D7C1ACB869749B7F /* Pods-Examples.release.xcconfig */ = {isa = PBXFileReference; includeInIndex = 1; lastKnownFileType = text.xcconfig; name = "Pods-Examples.release.xcconfig"; path = "Pods/Target Support Files/Pods-Examples/Pods-Examples.release.xcconfig"; sourceTree = "<group>"; };
		410529DD1F3D4F050075EDC2 /* peripheralList.html */ = {isa = PBXFileReference; lastKnownFileType = text.html; path = peripheralList.html; sourceTree = "<group>"; };
		410529DE1F3D4F050075EDC2 /* S3.html */ = {isa = PBXFileReference; lastKnownFileType = text.html; path = S3.html; sourceTree = "<group>"; };
		4110A5701F3C59A800EBA5F1 /* Examples.app */ = {isa = PBXFileReference; explicitFileType = wrapper.application; includeInIndex = 0; path = Examples.app; sourceTree = BUILT_PRODUCTS_DIR; };
		4110A5741F3C59A800EBA5F1 /* main.m */ = {isa = PBXFileReference; lastKnownFileType = sourcecode.c.objc; path = main.m; sourceTree = "<group>"; };
		4110A5761F3C59A800EBA5F1 /* AppDelegate.h */ = {isa = PBXFileReference; lastKnownFileType = sourcecode.c.h; path = AppDelegate.h; sourceTree = "<group>"; };
		4110A5771F3C59A800EBA5F1 /* AppDelegate.m */ = {isa = PBXFileReference; lastKnownFileType = sourcecode.c.objc; path = AppDelegate.m; sourceTree = "<group>"; };
		4110A5791F3C59A800EBA5F1 /* ViewController.h */ = {isa = PBXFileReference; lastKnownFileType = sourcecode.c.h; path = ViewController.h; sourceTree = "<group>"; };
		4110A57A1F3C59A800EBA5F1 /* ViewController.m */ = {isa = PBXFileReference; lastKnownFileType = sourcecode.c.objc; path = ViewController.m; sourceTree = "<group>"; };
		4110A57D1F3C59A800EBA5F1 /* Base */ = {isa = PBXFileReference; lastKnownFileType = file.storyboard; name = Base; path = Base.lproj/Main.storyboard; sourceTree = "<group>"; };
		4110A57F1F3C59A800EBA5F1 /* Assets.xcassets */ = {isa = PBXFileReference; lastKnownFileType = folder.assetcatalog; path = Assets.xcassets; sourceTree = "<group>"; };
		4110A5821F3C59A800EBA5F1 /* Base */ = {isa = PBXFileReference; lastKnownFileType = file.storyboard; name = Base; path = Base.lproj/LaunchScreen.storyboard; sourceTree = "<group>"; };
		4110A5841F3C59A800EBA5F1 /* Info.plist */ = {isa = PBXFileReference; lastKnownFileType = text.plist.xml; path = Info.plist; sourceTree = "<group>"; };
		419323ED1F668F1600B124EB /* YDRegisterInteractiveHtmlMethods.plist */ = {isa = PBXFileReference; lastKnownFileType = text.plist.xml; name = YDRegisterInteractiveHtmlMethods.plist; path = ../../Product/YDBluetoothWebBridge/Source/Bundle/YDRegisterInteractiveHtmlMethods.plist; sourceTree = "<group>"; };
		65989698C4A748C5179C8965 /* libPods-Examples.a */ = {isa = PBXFileReference; explicitFileType = archive.ar; includeInIndex = 0; path = "libPods-Examples.a"; sourceTree = BUILT_PRODUCTS_DIR; };
		EF812941E514574237AF4A79 /* Pods-Examples.debug.xcconfig */ = {isa = PBXFileReference; includeInIndex = 1; lastKnownFileType = text.xcconfig; name = "Pods-Examples.debug.xcconfig"; path = "Pods/Target Support Files/Pods-Examples/Pods-Examples.debug.xcconfig"; sourceTree = "<group>"; };
/* End PBXFileReference section */

/* Begin PBXFrameworksBuildPhase section */
		4110A56D1F3C59A800EBA5F1 /* Frameworks */ = {
			isa = PBXFrameworksBuildPhase;
			buildActionMask = 2147483647;
			files = (
				E115D92FB96E4E02199557E5 /* libPods-Examples.a in Frameworks */,
			);
			runOnlyForDeploymentPostprocessing = 0;
		};
/* End PBXFrameworksBuildPhase section */

/* Begin PBXGroup section */
		4110A5671F3C59A800EBA5F1 = {
			isa = PBXGroup;
			children = (
				4110A5721F3C59A800EBA5F1 /* Examples */,
				4110A5711F3C59A800EBA5F1 /* Products */,
				A083B5B79107B24B976E746E /* Pods */,
				F545B63D746F7304C235C83D /* Frameworks */,
			);
			sourceTree = "<group>";
		};
		4110A5711F3C59A800EBA5F1 /* Products */ = {
			isa = PBXGroup;
			children = (
				4110A5701F3C59A800EBA5F1 /* Examples.app */,
			);
			name = Products;
			sourceTree = "<group>";
		};
		4110A5721F3C59A800EBA5F1 /* Examples */ = {
			isa = PBXGroup;
			children = (
				410529DD1F3D4F050075EDC2 /* peripheralList.html */,
				410529DE1F3D4F050075EDC2 /* S3.html */,
				4110A5761F3C59A800EBA5F1 /* AppDelegate.h */,
				4110A5771F3C59A800EBA5F1 /* AppDelegate.m */,
				4110A5791F3C59A800EBA5F1 /* ViewController.h */,
				4110A57A1F3C59A800EBA5F1 /* ViewController.m */,
				4110A57C1F3C59A800EBA5F1 /* Main.storyboard */,
				4110A57F1F3C59A800EBA5F1 /* Assets.xcassets */,
				4110A5811F3C59A800EBA5F1 /* LaunchScreen.storyboard */,
				4110A5841F3C59A800EBA5F1 /* Info.plist */,
				4110A5731F3C59A800EBA5F1 /* Supporting Files */,
			);
			path = Examples;
			sourceTree = "<group>";
		};
		4110A5731F3C59A800EBA5F1 /* Supporting Files */ = {
			isa = PBXGroup;
			children = (
				419323ED1F668F1600B124EB /* YDRegisterInteractiveHtmlMethods.plist */,
				4110A5741F3C59A800EBA5F1 /* main.m */,
			);
			name = "Supporting Files";
			sourceTree = "<group>";
		};
		A083B5B79107B24B976E746E /* Pods */ = {
			isa = PBXGroup;
			children = (
				EF812941E514574237AF4A79 /* Pods-Examples.debug.xcconfig */,
				058A8D13D7C1ACB869749B7F /* Pods-Examples.release.xcconfig */,
			);
			name = Pods;
			sourceTree = "<group>";
		};
		F545B63D746F7304C235C83D /* Frameworks */ = {
			isa = PBXGroup;
			children = (
				65989698C4A748C5179C8965 /* libPods-Examples.a */,
			);
			name = Frameworks;
			sourceTree = "<group>";
		};
/* End PBXGroup section */

/* Begin PBXNativeTarget section */
		4110A56F1F3C59A800EBA5F1 /* Examples */ = {
			isa = PBXNativeTarget;
			buildConfigurationList = 4110A5871F3C59A800EBA5F1 /* Build configuration list for PBXNativeTarget "Examples" */;
			buildPhases = (
				CC9557B682F4B4EF7DCABEA5 /* [CP] Check Pods Manifest.lock */,
				4110A56C1F3C59A800EBA5F1 /* Sources */,
				4110A56D1F3C59A800EBA5F1 /* Frameworks */,
				4110A56E1F3C59A800EBA5F1 /* Resources */,
				2D4DED8D35474F419B26DEF5 /* [CP] Embed Pods Frameworks */,
				64EF631B5EF826E727B58F9F /* [CP] Copy Pods Resources */,
			);
			buildRules = (
			);
			dependencies = (
			);
			name = Examples;
			productName = Examples;
			productReference = 4110A5701F3C59A800EBA5F1 /* Examples.app */;
			productType = "com.apple.product-type.application";
		};
/* End PBXNativeTarget section */

/* Begin PBXProject section */
		4110A5681F3C59A800EBA5F1 /* Project object */ = {
			isa = PBXProject;
			attributes = {
				LastUpgradeCheck = 0830;
				ORGANIZATIONNAME = Aka;
				TargetAttributes = {
					4110A56F1F3C59A800EBA5F1 = {
						CreatedOnToolsVersion = 8.3.3;
						DevelopmentTeam = 2ERYNAFK87;
						ProvisioningStyle = Manual;
					};
				};
			};
			buildConfigurationList = 4110A56B1F3C59A800EBA5F1 /* Build configuration list for PBXProject "Examples" */;
			compatibilityVersion = "Xcode 3.2";
			developmentRegion = English;
			hasScannedForEncodings = 0;
			knownRegions = (
				en,
				Base,
			);
			mainGroup = 4110A5671F3C59A800EBA5F1;
			productRefGroup = 4110A5711F3C59A800EBA5F1 /* Products */;
			projectDirPath = "";
			projectRoot = "";
			targets = (
				4110A56F1F3C59A800EBA5F1 /* Examples */,
			);
		};
/* End PBXProject section */

/* Begin PBXResourcesBuildPhase section */
		4110A56E1F3C59A800EBA5F1 /* Resources */ = {
			isa = PBXResourcesBuildPhase;
			buildActionMask = 2147483647;
			files = (
				4110A5831F3C59A800EBA5F1 /* LaunchScreen.storyboard in Resources */,
				4110A5801F3C59A800EBA5F1 /* Assets.xcassets in Resources */,
				4110A57E1F3C59A800EBA5F1 /* Main.storyboard in Resources */,
			);
			runOnlyForDeploymentPostprocessing = 0;
		};
/* End PBXResourcesBuildPhase section */

/* Begin PBXShellScriptBuildPhase section */
		2D4DED8D35474F419B26DEF5 /* [CP] Embed Pods Frameworks */ = {
			isa = PBXShellScriptBuildPhase;
			buildActionMask = 2147483647;
			files = (
			);
			inputPaths = (
			);
			name = "[CP] Embed Pods Frameworks";
			outputPaths = (
			);
			runOnlyForDeploymentPostprocessing = 0;
			shellPath = /bin/sh;
			shellScript = "\"${SRCROOT}/Pods/Target Support Files/Pods-Examples/Pods-Examples-frameworks.sh\"\n";
			showEnvVarsInLog = 0;
		};
		64EF631B5EF826E727B58F9F /* [CP] Copy Pods Resources */ = {
			isa = PBXShellScriptBuildPhase;
			buildActionMask = 2147483647;
			files = (
			);
			inputPaths = (
			);
			name = "[CP] Copy Pods Resources";
			outputPaths = (
			);
			runOnlyForDeploymentPostprocessing = 0;
			shellPath = /bin/sh;
			shellScript = "\"${SRCROOT}/Pods/Target Support Files/Pods-Examples/Pods-Examples-resources.sh\"\n";
			showEnvVarsInLog = 0;
		};
		CC9557B682F4B4EF7DCABEA5 /* [CP] Check Pods Manifest.lock */ = {
			isa = PBXShellScriptBuildPhase;
			buildActionMask = 2147483647;
			files = (
			);
			inputPaths = (
			);
			name = "[CP] Check Pods Manifest.lock";
			outputPaths = (
			);
			runOnlyForDeploymentPostprocessing = 0;
			shellPath = /bin/sh;
			shellScript = "diff \"${PODS_PODFILE_DIR_PATH}/Podfile.lock\" \"${PODS_ROOT}/Manifest.lock\" > /dev/null\nif [ $? != 0 ] ; then\n    # print error to STDERR\n    echo \"error: The sandbox is not in sync with the Podfile.lock. Run 'pod install' or update your CocoaPods installation.\" >&2\n    exit 1\nfi\n";
			showEnvVarsInLog = 0;
		};
/* End PBXShellScriptBuildPhase section */

/* Begin PBXSourcesBuildPhase section */
		4110A56C1F3C59A800EBA5F1 /* Sources */ = {
			isa = PBXSourcesBuildPhase;
			buildActionMask = 2147483647;
			files = (
				4110A57B1F3C59A800EBA5F1 /* ViewController.m in Sources */,
				4110A5781F3C59A800EBA5F1 /* AppDelegate.m in Sources */,
				4110A5751F3C59A800EBA5F1 /* main.m in Sources */,
			);
			runOnlyForDeploymentPostprocessing = 0;
		};
/* End PBXSourcesBuildPhase section */

/* Begin PBXVariantGroup section */
		4110A57C1F3C59A800EBA5F1 /* Main.storyboard */ = {
			isa = PBXVariantGroup;
			children = (
				4110A57D1F3C59A800EBA5F1 /* Base */,
			);
			name = Main.storyboard;
			sourceTree = "<group>";
		};
		4110A5811F3C59A800EBA5F1 /* LaunchScreen.storyboard */ = {
			isa = PBXVariantGroup;
			children = (
				4110A5821F3C59A800EBA5F1 /* Base */,
			);
			name = LaunchScreen.storyboard;
			sourceTree = "<group>";
		};
/* End PBXVariantGroup section */

/* Begin XCBuildConfiguration section */
		4110A5851F3C59A800EBA5F1 /* Debug */ = {
			isa = XCBuildConfiguration;
			buildSettings = {
				ALWAYS_SEARCH_USER_PATHS = NO;
				CLANG_ANALYZER_NONNULL = YES;
				CLANG_ANALYZER_NUMBER_OBJECT_CONVERSION = YES_AGGRESSIVE;
				CLANG_CXX_LANGUAGE_STANDARD = "gnu++0x";
				CLANG_CXX_LIBRARY = "libc++";
				CLANG_ENABLE_MODULES = YES;
				CLANG_ENABLE_OBJC_ARC = YES;
				CLANG_WARN_BOOL_CONVERSION = YES;
				CLANG_WARN_CONSTANT_CONVERSION = YES;
				CLANG_WARN_DIRECT_OBJC_ISA_USAGE = YES_ERROR;
				CLANG_WARN_DOCUMENTATION_COMMENTS = YES;
				CLANG_WARN_EMPTY_BODY = YES;
				CLANG_WARN_ENUM_CONVERSION = YES;
				CLANG_WARN_INFINITE_RECURSION = YES;
				CLANG_WARN_INT_CONVERSION = YES;
				CLANG_WARN_OBJC_ROOT_CLASS = YES_ERROR;
				CLANG_WARN_SUSPICIOUS_MOVE = YES;
				CLANG_WARN_UNREACHABLE_CODE = YES;
				CLANG_WARN__DUPLICATE_METHOD_MATCH = YES;
				"CODE_SIGN_IDENTITY[sdk=iphoneos*]" = "iPhone Developer";
				COPY_PHASE_STRIP = NO;
				DEBUG_INFORMATION_FORMAT = dwarf;
				ENABLE_STRICT_OBJC_MSGSEND = YES;
				ENABLE_TESTABILITY = YES;
				GCC_C_LANGUAGE_STANDARD = gnu99;
				GCC_DYNAMIC_NO_PIC = NO;
				GCC_NO_COMMON_BLOCKS = YES;
				GCC_OPTIMIZATION_LEVEL = 0;
				GCC_PREPROCESSOR_DEFINITIONS = (
					"DEBUG=1",
					"$(inherited)",
				);
				GCC_WARN_64_TO_32_BIT_CONVERSION = YES;
				GCC_WARN_ABOUT_RETURN_TYPE = YES_ERROR;
				GCC_WARN_UNDECLARED_SELECTOR = YES;
				GCC_WARN_UNINITIALIZED_AUTOS = YES_AGGRESSIVE;
				GCC_WARN_UNUSED_FUNCTION = YES;
				GCC_WARN_UNUSED_VARIABLE = YES;
				IPHONEOS_DEPLOYMENT_TARGET = 10.3;
				MTL_ENABLE_DEBUG_INFO = YES;
				ONLY_ACTIVE_ARCH = YES;
				SDKROOT = iphoneos;
				TARGETED_DEVICE_FAMILY = "1,2";
			};
			name = Debug;
		};
		4110A5861F3C59A800EBA5F1 /* Release */ = {
			isa = XCBuildConfiguration;
			buildSettings = {
				ALWAYS_SEARCH_USER_PATHS = NO;
				CLANG_ANALYZER_NONNULL = YES;
				CLANG_ANALYZER_NUMBER_OBJECT_CONVERSION = YES_AGGRESSIVE;
				CLANG_CXX_LANGUAGE_STANDARD = "gnu++0x";
				CLANG_CXX_LIBRARY = "libc++";
				CLANG_ENABLE_MODULES = YES;
				CLANG_ENABLE_OBJC_ARC = YES;
				CLANG_WARN_BOOL_CONVERSION = YES;
				CLANG_WARN_CONSTANT_CONVERSION = YES;
				CLANG_WARN_DIRECT_OBJC_ISA_USAGE = YES_ERROR;
				CLANG_WARN_DOCUMENTATION_COMMENTS = YES;
				CLANG_WARN_EMPTY_BODY = YES;
				CLANG_WARN_ENUM_CONVERSION = YES;
				CLANG_WARN_INFINITE_RECURSION = YES;
				CLANG_WARN_INT_CONVERSION = YES;
				CLANG_WARN_OBJC_ROOT_CLASS = YES_ERROR;
				CLANG_WARN_SUSPICIOUS_MOVE = YES;
				CLANG_WARN_UNREACHABLE_CODE = YES;
				CLANG_WARN__DUPLICATE_METHOD_MATCH = YES;
				"CODE_SIGN_IDENTITY[sdk=iphoneos*]" = "iPhone Developer";
				COPY_PHASE_STRIP = NO;
				DEBUG_INFORMATION_FORMAT = "dwarf-with-dsym";
				ENABLE_NS_ASSERTIONS = NO;
				ENABLE_STRICT_OBJC_MSGSEND = YES;
				GCC_C_LANGUAGE_STANDARD = gnu99;
				GCC_NO_COMMON_BLOCKS = YES;
				GCC_WARN_64_TO_32_BIT_CONVERSION = YES;
				GCC_WARN_ABOUT_RETURN_TYPE = YES_ERROR;
				GCC_WARN_UNDECLARED_SELECTOR = YES;
				GCC_WARN_UNINITIALIZED_AUTOS = YES_AGGRESSIVE;
				GCC_WARN_UNUSED_FUNCTION = YES;
				GCC_WARN_UNUSED_VARIABLE = YES;
				IPHONEOS_DEPLOYMENT_TARGET = 10.3;
				MTL_ENABLE_DEBUG_INFO = NO;
				SDKROOT = iphoneos;
				TARGETED_DEVICE_FAMILY = "1,2";
				VALIDATE_PRODUCT = YES;
			};
			name = Release;
		};
		4110A5881F3C59A800EBA5F1 /* Debug */ = {
			isa = XCBuildConfiguration;
			baseConfigurationReference = EF812941E514574237AF4A79 /* Pods-Examples.debug.xcconfig */;
			buildSettings = {
				ASSETCATALOG_COMPILER_APPICON_NAME = AppIcon;
				DEVELOPMENT_TEAM = 2ERYNAFK87;
				INFOPLIST_FILE = Examples/Info.plist;
				IPHONEOS_DEPLOYMENT_TARGET = 7.0;
				LD_RUNPATH_SEARCH_PATHS = "$(inherited) @executable_path/Frameworks";
				PRODUCT_BUNDLE_IDENTIFIER = com.sport.yuedong;
				PRODUCT_NAME = "$(TARGET_NAME)";
				PROVISIONING_PROFILE = "5a931646-0f99-495f-b9dc-f7f4d7b9bb34";
				PROVISIONING_PROFILE_SPECIFIER = dev_sp;
			};
			name = Debug;
		};
		4110A5891F3C59A800EBA5F1 /* Release */ = {
			isa = XCBuildConfiguration;
			baseConfigurationReference = 058A8D13D7C1ACB869749B7F /* Pods-Examples.release.xcconfig */;
			buildSettings = {
				ASSETCATALOG_COMPILER_APPICON_NAME = AppIcon;
				DEVELOPMENT_TEAM = "";
				INFOPLIST_FILE = Examples/Info.plist;
				IPHONEOS_DEPLOYMENT_TARGET = 7.0;
				LD_RUNPATH_SEARCH_PATHS = "$(inherited) @executable_path/Frameworks";
				PRODUCT_BUNDLE_IDENTIFIER = com.sport.yuedong;
				PRODUCT_NAME = "$(TARGET_NAME)";
				PROVISIONING_PROFILE_SPECIFIER = "";
			};
			name = Release;
		};
/* End XCBuildConfiguration section */

/* Begin XCConfigurationList section */
		4110A56B1F3C59A800EBA5F1 /* Build configuration list for PBXProject "Examples" */ = {
			isa = XCConfigurationList;
			buildConfigurations = (
				4110A5851F3C59A800EBA5F1 /* Debug */,
				4110A5861F3C59A800EBA5F1 /* Release */,
			);
			defaultConfigurationIsVisible = 0;
			defaultConfigurationName = Release;
		};
		4110A5871F3C59A800EBA5F1 /* Build configuration list for PBXNativeTarget "Examples" */ = {
			isa = XCConfigurationList;
			buildConfigurations = (
				4110A5881F3C59A800EBA5F1 /* Debug */,
				4110A5891F3C59A800EBA5F1 /* Release */,
			);
			defaultConfigurationIsVisible = 0;
			defaultConfigurationName = Release;
		};
/* End XCConfigurationList section */
	};
	rootObject = 4110A5681F3C59A800EBA5F1 /* Project object */;
}
